
Microsoft Visual Studio Solution File, Format Version 12.00
# Visual Studio Version 16
VisualStudioVersion = 16.0.31112.23
MinimumVisualStudioVersion = 10.0.40219.1
Project("{FAE04EC0-301F-11D3-BF4B-00C04F79EFBC}") = "Actividad Integradora 4 Problema 5", "Actividad Integradora 4 Problema 5.csproj", "{F885817E-5BD5-494A-8AE7-81A9E8C7430D}"
EndProject
Global
	GlobalSection(SolutionConfigurationPlatforms) = preSolution
		Debug|Any CPU = Debug|Any CPU
		Release|Any CPU = Release|Any CPU
	EndGlobalSection
	GlobalSection(ProjectConfigurationPlatforms) = postSolution
		{F885817E-5BD5-494A-8AE7-81A9E8C7430D}.Debug|Any CPU.ActiveCfg = Debug|Any CPU
		{F885817E-5BD5-494A-8AE7-81A9E8C7430D}.Debug|Any CPU.Build.0 = Debug|Any CPU
		{F885817E-5BD5-494A-8AE7-81A9E8C7430D}.Release|Any CPU.ActiveCfg = Release|Any CPU
		{F885817E-5BD5-494A-8AE7-81A9E8C7430D}.Release|Any CPU.Build.0 = Release|Any CPU
	EndGlobalSection
	GlobalSection(SolutionProperties) = preSolution
		HideSolutionNode = FALSE
	EndGlobalSection
	GlobalSection(ExtensibilityGlobals) = postSolution
		SolutionGuid = {9DD6E7A5-682E-42DF-8E24-4CEE505A8691}
	EndGlobalSection
EndGlobal
